
Microsoft Visual Studio Solution File, Format Version 12.00
# Visual Studio Version 16
VisualStudioVersion = 16.0.29613.14
MinimumVisualStudioVersion = 10.0.40219.1
Project("{9A19103F-16F7-4668-BE54-9A1E7A4F7556}") = "AoC2018", "2018\AoC2018\AoC2018.csproj", "{14094BF3-26A6-4D67-B967-63E2C86363D5}"
EndProject
Project("{2150E333-8FDC-42A3-9474-1A3956D46DE8}") = "2018", "2018", "{C80E6721-580D-4A1C-9E3B-2DF83F169540}"
EndProject
Project("{9A19103F-16F7-4668-BE54-9A1E7A4F7556}") = "Common", "Common\Common.csproj", "{9068F8E9-9D5A-4631-B59B-72FF74E3C3C6}"
EndProject
Project("{2150E333-8FDC-42A3-9474-1A3956D46DE8}") = "2019", "2019", "{9954FEB5-B020-465E-8EDF-DAAFEF86C1CA}"
EndProject
Project("{9A19103F-16F7-4668-BE54-9A1E7A4F7556}") = "AoC2019", "2019\AoC2019\AoC2019.csproj", "{3BCC1043-5EB0-48FF-A81F-E36DA25FD0B8}"
EndProject
Project("{9A19103F-16F7-4668-BE54-9A1E7A4F7556}") = "IntCode", "2019\IntCodeComputer\IntCode.csproj", "{99461F5A-20A6-43FF-9AB7-5885C27F0D98}"
EndProject
Project("{2150E333-8FDC-42A3-9474-1A3956D46DE8}") = "Tests", "Tests", "{E54EDB9C-9BDF-437A-B593-47CC9CDC9A95}"
EndProject
Project("{9A19103F-16F7-4668-BE54-9A1E7A4F7556}") = "Tests.Aoc2019", "2019\Tests\Tests.Aoc2019\Tests.Aoc2019.csproj", "{CBA87DDE-BCCB-471E-9305-01FD9F00244A}"
EndProject
Project("{2150E333-8FDC-42A3-9474-1A3956D46DE8}") = "Tests", "Tests", "{FF648B3B-0CFC-4ADD-8271-D2B3C92A5CF5}"
EndProject
Project("{9A19103F-16F7-4668-BE54-9A1E7A4F7556}") = "Tests_Aoc2018", "2018\Tests\Tests_Aoc2018\Tests_Aoc2018.csproj", "{B928CA0A-1DC4-4676-8AB6-2DC34F7F70CD}"
EndProject
Project("{2150E333-8FDC-42A3-9474-1A3956D46DE8}") = "2020", "2020", "{F5B8F74E-D2BA-443C-B9B9-3120CB198A81}"
EndProject
Project("{2150E333-8FDC-42A3-9474-1A3956D46DE8}") = "Tests", "Tests", "{27981506-F0DE-4552-AB9E-3B5F5E4C5956}"
EndProject
Project("{9A19103F-16F7-4668-BE54-9A1E7A4F7556}") = "Tests.AoC2020", "2020\Tests\Tests.AoC2020\Tests.AoC2020.csproj", "{84EE0A40-4025-4BB9-A885-17759DB55C73}"
EndProject
Project("{9A19103F-16F7-4668-BE54-9A1E7A4F7556}") = "AcC2020", "2020\AcC2020\AcC2020.csproj", "{40D1B8C2-5001-474F-8367-E89A74898AF0}"
EndProject
Global
	GlobalSection(SolutionConfigurationPlatforms) = preSolution
		Debug|Any CPU = Debug|Any CPU
		Release|Any CPU = Release|Any CPU
	EndGlobalSection
	GlobalSection(ProjectConfigurationPlatforms) = postSolution
		{14094BF3-26A6-4D67-B967-63E2C86363D5}.Debug|Any CPU.ActiveCfg = Debug|Any CPU
		{14094BF3-26A6-4D67-B967-63E2C86363D5}.Debug|Any CPU.Build.0 = Debug|Any CPU
		{14094BF3-26A6-4D67-B967-63E2C86363D5}.Release|Any CPU.ActiveCfg = Release|Any CPU
		{14094BF3-26A6-4D67-B967-63E2C86363D5}.Release|Any CPU.Build.0 = Release|Any CPU
		{9068F8E9-9D5A-4631-B59B-72FF74E3C3C6}.Debug|Any CPU.ActiveCfg = Debug|Any CPU
		{9068F8E9-9D5A-4631-B59B-72FF74E3C3C6}.Debug|Any CPU.Build.0 = Debug|Any CPU
		{9068F8E9-9D5A-4631-B59B-72FF74E3C3C6}.Release|Any CPU.ActiveCfg = Release|Any CPU
		{9068F8E9-9D5A-4631-B59B-72FF74E3C3C6}.Release|Any CPU.Build.0 = Release|Any CPU
		{3BCC1043-5EB0-48FF-A81F-E36DA25FD0B8}.Debug|Any CPU.ActiveCfg = Debug|Any CPU
		{3BCC1043-5EB0-48FF-A81F-E36DA25FD0B8}.Debug|Any CPU.Build.0 = Debug|Any CPU
		{3BCC1043-5EB0-48FF-A81F-E36DA25FD0B8}.Release|Any CPU.ActiveCfg = Release|Any CPU
		{3BCC1043-5EB0-48FF-A81F-E36DA25FD0B8}.Release|Any CPU.Build.0 = Release|Any CPU
		{99461F5A-20A6-43FF-9AB7-5885C27F0D98}.Debug|Any CPU.ActiveCfg = Debug|Any CPU
		{99461F5A-20A6-43FF-9AB7-5885C27F0D98}.Debug|Any CPU.Build.0 = Debug|Any CPU
		{99461F5A-20A6-43FF-9AB7-5885C27F0D98}.Release|Any CPU.ActiveCfg = Release|Any CPU
		{99461F5A-20A6-43FF-9AB7-5885C27F0D98}.Release|Any CPU.Build.0 = Release|Any CPU
		{CBA87DDE-BCCB-471E-9305-01FD9F00244A}.Debug|Any CPU.ActiveCfg = Debug|Any CPU
		{CBA87DDE-BCCB-471E-9305-01FD9F00244A}.Debug|Any CPU.Build.0 = Debug|Any CPU
		{CBA87DDE-BCCB-471E-9305-01FD9F00244A}.Release|Any CPU.ActiveCfg = Release|Any CPU
		{CBA87DDE-BCCB-471E-9305-01FD9F00244A}.Release|Any CPU.Build.0 = Release|Any CPU
		{B928CA0A-1DC4-4676-8AB6-2DC34F7F70CD}.Debug|Any CPU.ActiveCfg = Debug|Any CPU
		{B928CA0A-1DC4-4676-8AB6-2DC34F7F70CD}.Debug|Any CPU.Build.0 = Debug|Any CPU
		{B928CA0A-1DC4-4676-8AB6-2DC34F7F70CD}.Release|Any CPU.ActiveCfg = Release|Any CPU
		{B928CA0A-1DC4-4676-8AB6-2DC34F7F70CD}.Release|Any CPU.Build.0 = Release|Any CPU
		{84EE0A40-4025-4BB9-A885-17759DB55C73}.Debug|Any CPU.ActiveCfg = Debug|Any CPU
		{84EE0A40-4025-4BB9-A885-17759DB55C73}.Debug|Any CPU.Build.0 = Debug|Any CPU
		{84EE0A40-4025-4BB9-A885-17759DB55C73}.Release|Any CPU.ActiveCfg = Release|Any CPU
		{84EE0A40-4025-4BB9-A885-17759DB55C73}.Release|Any CPU.Build.0 = Release|Any CPU
		{40D1B8C2-5001-474F-8367-E89A74898AF0}.Debug|Any CPU.ActiveCfg = Debug|Any CPU
		{40D1B8C2-5001-474F-8367-E89A74898AF0}.Debug|Any CPU.Build.0 = Debug|Any CPU
		{40D1B8C2-5001-474F-8367-E89A74898AF0}.Release|Any CPU.ActiveCfg = Release|Any CPU
		{40D1B8C2-5001-474F-8367-E89A74898AF0}.Release|Any CPU.Build.0 = Release|Any CPU
	EndGlobalSection
	GlobalSection(SolutionProperties) = preSolution
		HideSolutionNode = FALSE
	EndGlobalSection
	GlobalSection(NestedProjects) = preSolution
		{14094BF3-26A6-4D67-B967-63E2C86363D5} = {C80E6721-580D-4A1C-9E3B-2DF83F169540}
		{3BCC1043-5EB0-48FF-A81F-E36DA25FD0B8} = {9954FEB5-B020-465E-8EDF-DAAFEF86C1CA}
		{99461F5A-20A6-43FF-9AB7-5885C27F0D98} = {9954FEB5-B020-465E-8EDF-DAAFEF86C1CA}
		{E54EDB9C-9BDF-437A-B593-47CC9CDC9A95} = {9954FEB5-B020-465E-8EDF-DAAFEF86C1CA}
		{CBA87DDE-BCCB-471E-9305-01FD9F00244A} = {E54EDB9C-9BDF-437A-B593-47CC9CDC9A95}
		{FF648B3B-0CFC-4ADD-8271-D2B3C92A5CF5} = {C80E6721-580D-4A1C-9E3B-2DF83F169540}
		{B928CA0A-1DC4-4676-8AB6-2DC34F7F70CD} = {FF648B3B-0CFC-4ADD-8271-D2B3C92A5CF5}
		{27981506-F0DE-4552-AB9E-3B5F5E4C5956} = {F5B8F74E-D2BA-443C-B9B9-3120CB198A81}
		{84EE0A40-4025-4BB9-A885-17759DB55C73} = {27981506-F0DE-4552-AB9E-3B5F5E4C5956}
		{40D1B8C2-5001-474F-8367-E89A74898AF0} = {F5B8F74E-D2BA-443C-B9B9-3120CB198A81}
	EndGlobalSection
	GlobalSection(ExtensibilityGlobals) = postSolution
		SolutionGuid = {29050ABF-0A28-41DE-A682-F8EA4E00EBA8}
	EndGlobalSection
EndGlobal
